
Microsoft Visual Studio Solution File, Format Version 12.00
# Visual Studio Version 17
VisualStudioVersion = 17.14.36429.23 d17.14
MinimumVisualStudioVersion = 10.0.40219.1
Project("{FAE04EC0-301F-11D3-BF4B-00C04F79EFBC}") = "VäderUppgift", "VäderUppgift.csproj", "{9EEC732D-0721-D699-F276-1D947DF632B0}"
EndProject
Global
	GlobalSection(SolutionConfigurationPlatforms) = preSolution
		Debug|Any CPU = Debug|Any CPU
		Release|Any CPU = Release|Any CPU
	EndGlobalSection
	GlobalSection(ProjectConfigurationPlatforms) = postSolution
		{9EEC732D-0721-D699-F276-1D947DF632B0}.Debug|Any CPU.ActiveCfg = Debug|Any CPU
		{9EEC732D-0721-D699-F276-1D947DF632B0}.Debug|Any CPU.Build.0 = Debug|Any CPU
		{9EEC732D-0721-D699-F276-1D947DF632B0}.Release|Any CPU.ActiveCfg = Release|Any CPU
		{9EEC732D-0721-D699-F276-1D947DF632B0}.Release|Any CPU.Build.0 = Release|Any CPU
	EndGlobalSection
	GlobalSection(SolutionProperties) = preSolution
		HideSolutionNode = FALSE
	EndGlobalSection
	GlobalSection(ExtensibilityGlobals) = postSolution
		SolutionGuid = {58F077A6-D7EF-482E-B917-4DCE11348A56}
	EndGlobalSection
EndGlobal
